
Microsoft Visual Studio Solution File, Format Version 12.00
# Visual Studio Version 17
VisualStudioVersion = 17.11.35327.3
MinimumVisualStudioVersion = 10.0.40219.1
Project("{FAE04EC0-301F-11D3-BF4B-00C04F79EFBC}") = "GUIProject", "GUIProject\GUIProject.csproj", "{7F47634E-4EA9-40CD-95D3-B016FD119647}"
EndProject
Global
	GlobalSection(SolutionConfigurationPlatforms) = preSolution
		Debug|Any CPU = Debug|Any CPU
		Release|Any CPU = Release|Any CPU
	EndGlobalSection
	GlobalSection(ProjectConfigurationPlatforms) = postSolution
		{7F47634E-4EA9-40CD-95D3-B016FD119647}.Debug|Any CPU.ActiveCfg = Debug|Any CPU
		{7F47634E-4EA9-40CD-95D3-B016FD119647}.Debug|Any CPU.Build.0 = Debug|Any CPU
		{7F47634E-4EA9-40CD-95D3-B016FD119647}.Release|Any CPU.ActiveCfg = Release|Any CPU
		{7F47634E-4EA9-40CD-95D3-B016FD119647}.Release|Any CPU.Build.0 = Release|Any CPU
	EndGlobalSection
	GlobalSection(SolutionProperties) = preSolution
		HideSolutionNode = FALSE
	EndGlobalSection
	GlobalSection(ExtensibilityGlobals) = postSolution
		SolutionGuid = {84C7ED45-7BFC-4AFF-9CB8-8E0299855891}
	EndGlobalSection
EndGlobal
